
Microsoft Visual Studio Solution File, Format Version 12.00
# Visual Studio Version 17
VisualStudioVersion = 17.7.34031.279
MinimumVisualStudioVersion = 10.0.40219.1
Project("{9A19103F-16F7-4668-BE54-9A1E7A4F7556}") = "BlazorId.Server", "BlazorId\Server\BlazorId.Server.csproj", "{3CCE9227-E661-499C-9685-75409F66F6EA}"
EndProject
Project("{9A19103F-16F7-4668-BE54-9A1E7A4F7556}") = "BlazorId.Client", "BlazorId\Client\BlazorId.Client.csproj", "{F9D53BBD-13FB-4D26-953A-B055BC971AC2}"
EndProject
Project("{9A19103F-16F7-4668-BE54-9A1E7A4F7556}") = "BlazorId.Shared", "BlazorId\Shared\BlazorId.Shared.csproj", "{F9DE2B70-C9F3-47B2-851F-CAF2A7F235F2}"
EndProject
Global
	GlobalSection(SolutionConfigurationPlatforms) = preSolution
		Debug|Any CPU = Debug|Any CPU
		Release|Any CPU = Release|Any CPU
	EndGlobalSection
	GlobalSection(ProjectConfigurationPlatforms) = postSolution
		{3CCE9227-E661-499C-9685-75409F66F6EA}.Debug|Any CPU.ActiveCfg = Debug|Any CPU
		{3CCE9227-E661-499C-9685-75409F66F6EA}.Debug|Any CPU.Build.0 = Debug|Any CPU
		{3CCE9227-E661-499C-9685-75409F66F6EA}.Release|Any CPU.ActiveCfg = Release|Any CPU
		{3CCE9227-E661-499C-9685-75409F66F6EA}.Release|Any CPU.Build.0 = Release|Any CPU
		{F9D53BBD-13FB-4D26-953A-B055BC971AC2}.Debug|Any CPU.ActiveCfg = Debug|Any CPU
		{F9D53BBD-13FB-4D26-953A-B055BC971AC2}.Debug|Any CPU.Build.0 = Debug|Any CPU
		{F9D53BBD-13FB-4D26-953A-B055BC971AC2}.Release|Any CPU.ActiveCfg = Release|Any CPU
		{F9D53BBD-13FB-4D26-953A-B055BC971AC2}.Release|Any CPU.Build.0 = Release|Any CPU
		{F9DE2B70-C9F3-47B2-851F-CAF2A7F235F2}.Debug|Any CPU.ActiveCfg = Debug|Any CPU
		{F9DE2B70-C9F3-47B2-851F-CAF2A7F235F2}.Debug|Any CPU.Build.0 = Debug|Any CPU
		{F9DE2B70-C9F3-47B2-851F-CAF2A7F235F2}.Release|Any CPU.ActiveCfg = Release|Any CPU
		{F9DE2B70-C9F3-47B2-851F-CAF2A7F235F2}.Release|Any CPU.Build.0 = Release|Any CPU
	EndGlobalSection
	GlobalSection(SolutionProperties) = preSolution
		HideSolutionNode = FALSE
	EndGlobalSection
	GlobalSection(ExtensibilityGlobals) = postSolution
		SolutionGuid = {82CD5022-9FC4-43A1-A474-802D46A6D4E5}
	EndGlobalSection
EndGlobal
